// !$*UTF8*$!
{
	archiveVersion = 1;
	classes = {
	};
	objectVersion = 46;
	objects = {

/* Begin PBXBuildFile section */
		BB9048A91D3F8E3700733098 /* AppDelegate.swift in Sources */ = {isa = PBXBuildFile; fileRef = BB9048A81D3F8E3700733098 /* AppDelegate.swift */; };
		BB9048AB1D3F8E3700733098 /* ViewController.swift in Sources */ = {isa = PBXBuildFile; fileRef = BB9048AA1D3F8E3700733098 /* ViewController.swift */; };
		BB9048AE1D3F8E3700733098 /* Main.storyboard in Resources */ = {isa = PBXBuildFile; fileRef = BB9048AC1D3F8E3700733098 /* Main.storyboard */; };
		BB9048B01D3F8E3700733098 /* Assets.xcassets in Resources */ = {isa = PBXBuildFile; fileRef = BB9048AF1D3F8E3700733098 /* Assets.xcassets */; };
		BB9048B31D3F8E3700733098 /* LaunchScreen.storyboard in Resources */ = {isa = PBXBuildFile; fileRef = BB9048B11D3F8E3700733098 /* LaunchScreen.storyboard */; };
/* End PBXBuildFile section */

/* Begin PBXFileReference section */
		BB9048A51D3F8E3700733098 /* VSTransform.app */ = {isa = PBXFileReference; explicitFileType = wrapper.application; includeInIndex = 0; path = VSTransform.app; sourceTree = BUILT_PRODUCTS_DIR; };
		BB9048A81D3F8E3700733098 /* AppDelegate.swift */ = {isa = PBXFileReference; lastKnownFileType = sourcecode.swift; path = AppDelegate.swift; sourceTree = "<group>"; };
		BB9048AA1D3F8E3700733098 /* ViewController.swift */ = {isa = PBXFileReference; lastKnownFileType = sourcecode.swift; path = ViewController.swift; sourceTree = "<group>"; };
		BB9048AD1D3F8E3700733098 /* Base */ = {isa = PBXFileReference; lastKnownFileType = file.storyboard; name = Base; path = Base.lproj/Main.storyboard; sourceTree = "<group>"; };
		BB9048AF1D3F8E3700733098 /* Assets.xcassets */ = {isa = PBXFileReference; lastKnownFileType = folder.assetcatalog; path = Assets.xcassets; sourceTree = "<group>"; };
		BB9048B21D3F8E3700733098 /* Base */ = {isa = PBXFileReference; lastKnownFileType = file.storyboard; name = Base; path = Base.lproj/LaunchScreen.storyboard; sourceTree = "<group>"; };
		BB9048B41D3F8E3700733098 /* Info.plist */ = {isa = PBXFileReference; lastKnownFileType = text.plist.xml; path = Info.plist; sourceTree = "<group>"; };
/* End PBXFileReference section */

/* Begin PBXFrameworksBuildPhase section */
		BB9048A21D3F8E3700733098 /* Frameworks */ = {
			isa = PBXFrameworksBuildPhase;
			buildActionMask = 2147483647;
			files = (
			);
			runOnlyForDeploymentPostprocessing = 0;
		};
/* End PBXFrameworksBuildPhase section */

/* Begin PBXGroup section */
		BB90489C1D3F8E3700733098 = {
			isa = PBXGroup;
			children = (
				BB9048A71D3F8E3700733098 /* VSTransform */,
				BB9048A61D3F8E3700733098 /* Products */,
			);
			sourceTree = "<group>";
		};
		BB9048A61D3F8E3700733098 /* Products */ = {
			isa = PBXGroup;
			children = (
				BB9048A51D3F8E3700733098 /* VSTransform.app */,
			);
			name = Products;
			sourceTree = "<group>";
		};
		BB9048A71D3F8E3700733098 /* VSTransform */ = {
			isa = PBXGroup;
			children = (
				BB9048A81D3F8E3700733098 /* AppDelegate.swift */,
				BB9048AA1D3F8E3700733098 /* ViewController.swift */,
				BB9048AC1D3F8E3700733098 /* Main.storyboard */,
				BB9048AF1D3F8E3700733098 /* Assets.xcassets */,
				BB9048B11D3F8E3700733098 /* LaunchScreen.storyboard */,
				BB9048B41D3F8E3700733098 /* Info.plist */,
			);
			path = VSTransform;
			sourceTree = "<group>";
		};
/* End PBXGroup section */

/* Begin PBXNativeTarget section */
		BB9048A41D3F8E3700733098 /* VSTransform */ = {
			isa = PBXNativeTarget;
			buildConfigurationList = BB9048B71D3F8E3700733098 /* Build configuration list for PBXNativeTarget "VSTransform" */;
			buildPhases = (
				BB9048A11D3F8E3700733098 /* Sources */,
				BB9048A21D3F8E3700733098 /* Frameworks */,
				BB9048A31D3F8E3700733098 /* Resources */,
			);
			buildRules = (
			);
			dependencies = (
			);
			name = VSTransform;
			productName = VSTransform;
			productReference = BB9048A51D3F8E3700733098 /* VSTransform.app */;
			productType = "com.apple.product-type.application";
		};
/* End PBXNativeTarget section */

/* Begin PBXProject section */
		BB90489D1D3F8E3700733098 /* Project object */ = {
			isa = PBXProject;
			attributes = {
				LastSwiftUpdateCheck = 0730;
				LastUpgradeCheck = 0730;
				ORGANIZATIONNAME = LambaG;
				TargetAttributes = {
					BB9048A41D3F8E3700733098 = {
						CreatedOnToolsVersion = 7.3.1;
					};
				};
			};
			buildConfigurationList = BB9048A01D3F8E3700733098 /* Build configuration list for PBXProject "VSTransform" */;
			compatibilityVersion = "Xcode 3.2";
			developmentRegion = English;
			hasScannedForEncodings = 0;
			knownRegions = (
				en,
				Base,
			);
			mainGroup = BB90489C1D3F8E3700733098;
			productRefGroup = BB9048A61D3F8E3700733098 /* Products */;
			projectDirPath = "";
			projectRoot = "";
			targets = (
				BB9048A41D3F8E3700733098 /* VSTransform */,
			);
		};
/* End PBXProject section */

/* Begin PBXResourcesBuildPhase section */
		BB9048A31D3F8E3700733098 /* Resources */ = {
			isa = PBXResourcesBuildPhase;
			buildActionMask = 2147483647;
			files = (
				BB9048B31D3F8E3700733098 /* LaunchScreen.storyboard in Resources */,
				BB9048B01D3F8E3700733098 /* Assets.xcassets in Resources */,
				BB9048AE1D3F8E3700733098 /* Main.storyboard in Resources */,
			);
			runOnlyForDeploymentPostprocessing = 0;
		};
/* End PBXResourcesBuildPhase section */

/* Begin PBXSourcesBuildPhase section */
		BB9048A11D3F8E3700733098 /* Sources */ = {
			isa = PBXSourcesBuildPhase;
			buildActionMask = 2147483647;
			files = (
				BB9048AB1D3F8E3700733098 /* ViewController.swift in Sources */,
				BB9048A91D3F8E3700733098 /* AppDelegate.swift in Sources */,
			);
			runOnlyForDeploymentPostprocessing = 0;
		};
/* End PBXSourcesBuildPhase section */

/* Begin PBXVariantGroup section */
		BB9048AC1D3F8E3700733098 /* Main.storyboard */ = {
			isa = PBXVariantGroup;
			children = (
				BB9048AD1D3F8E3700733098 /* Base */,
			);
			name = Main.storyboard;
			sourceTree = "<group>";
		};
		BB9048B11D3F8E3700733098 /* LaunchScreen.storyboard */ = {
			isa = PBXVariantGroup;
			children = (
				BB9048B21D3F8E3700733098 /* Base */,
			);
			name = LaunchScreen.storyboard;
			sourceTree = "<group>";
		};
/* End PBXVariantGroup section */

/* Begin XCBuildConfiguration section */
		BB9048B51D3F8E3700733098 /* Debug */ = {
			isa = XCBuildConfiguration;
			buildSettings = {
				ALWAYS_SEARCH_USER_PATHS = NO;
				CLANG_ANALYZER_NONNULL = YES;
				CLANG_CXX_LANGUAGE_STANDARD = "gnu++0x";
				CLANG_CXX_LIBRARY = "libc++";
				CLANG_ENABLE_MODULES = YES;
				CLANG_ENABLE_OBJC_ARC = YES;
				CLANG_WARN_BOOL_CONVERSION = YES;
				CLANG_WARN_CONSTANT_CONVERSION = YES;
				CLANG_WARN_DIRECT_OBJC_ISA_USAGE = YES_ERROR;
				CLANG_WARN_EMPTY_BODY = YES;
				CLANG_WARN_ENUM_CONVERSION = YES;
				CLANG_WARN_INT_CONVERSION = YES;
				CLANG_WARN_OBJC_ROOT_CLASS = YES_ERROR;
				CLANG_WARN_UNREACHABLE_CODE = YES;
				CLANG_WARN__DUPLICATE_METHOD_MATCH = YES;
				"CODE_SIGN_IDENTITY[sdk=iphoneos*]" = "iPhone Developer";
				COPY_PHASE_STRIP = NO;
				DEBUG_INFORMATION_FORMAT = dwarf;
				ENABLE_STRICT_OBJC_MSGSEND = YES;
				ENABLE_TESTABILITY = YES;
				GCC_C_LANGUAGE_STANDARD = gnu99;
				GCC_DYNAMIC_NO_PIC = NO;
				GCC_NO_COMMON_BLOCKS = YES;
				GCC_OPTIMIZATION_LEVEL = 0;
				GCC_PREPROCESSOR_DEFINITIONS = (
					"DEBUG=1",
					"$(inherited)",
				);
				GCC_WARN_64_TO_32_BIT_CONVERSION = YES;
				GCC_WARN_ABOUT_RETURN_TYPE = YES_ERROR;
				GCC_WARN_UNDECLARED_SELECTOR = YES;
				GCC_WARN_UNINITIALIZED_AUTOS = YES_AGGRESSIVE;
				GCC_WARN_UNUSED_FUNCTION = YES;
				GCC_WARN_UNUSED_VARIABLE = YES;
				IPHONEOS_DEPLOYMENT_TARGET = 9.3;
				MTL_ENABLE_DEBUG_INFO = YES;
				ONLY_ACTIVE_ARCH = YES;
				SDKROOT = iphoneos;
				SWIFT_OPTIMIZATION_LEVEL = "-Onone";
				TARGETED_DEVICE_FAMILY = "1,2";
			};
			name = Debug;
		};
		BB9048B61D3F8E3700733098 /* Release */ = {
			isa = XCBuildConfiguration;
			buildSettings = {
				ALWAYS_SEARCH_USER_PATHS = NO;
				CLANG_ANALYZER_NONNULL = YES;
				CLANG_CXX_LANGUAGE_STANDARD = "gnu++0x";
				CLANG_CXX_LIBRARY = "libc++";
				CLANG_ENABLE_MODULES = YES;
				CLANG_ENABLE_OBJC_ARC = YES;
				CLANG_WARN_BOOL_CONVERSION = YES;
				CLANG_WARN_CONSTANT_CONVERSION = YES;
				CLANG_WARN_DIRECT_OBJC_ISA_USAGE = YES_ERROR;
				CLANG_WARN_EMPTY_BODY = YES;
				CLANG_WARN_ENUM_CONVERSION = YES;
				CLANG_WARN_INT_CONVERSION = YES;
				CLANG_WARN_OBJC_ROOT_CLASS = YES_ERROR;
				CLANG_WARN_UNREACHABLE_CODE = YES;
				CLANG_WARN__DUPLICATE_METHOD_MATCH = YES;
				"CODE_SIGN_IDENTITY[sdk=iphoneos*]" = "iPhone Developer";
				COPY_PHASE_STRIP = NO;
				DEBUG_INFORMATION_FORMAT = "dwarf-with-dsym";
				ENABLE_NS_ASSERTIONS = NO;
				ENABLE_STRICT_OBJC_MSGSEND = YES;
				GCC_C_LANGUAGE_STANDARD = gnu99;
				GCC_NO_COMMON_BLOCKS = YES;
				GCC_WARN_64_TO_32_BIT_CONVERSION = YES;
				GCC_WARN_ABOUT_RETURN_TYPE = YES_ERROR;
				GCC_WARN_UNDECLARED_SELECTOR = YES;
				GCC_WARN_UNINITIALIZED_AUTOS = YES_AGGRESSIVE;
				GCC_WARN_UNUSED_FUNCTION = YES;
				GCC_WARN_UNUSED_VARIABLE = YES;
				IPHONEOS_DEPLOYMENT_TARGET = 9.3;
				MTL_ENABLE_DEBUG_INFO = NO;
				SDKROOT = iphoneos;
				TARGETED_DEVICE_FAMILY = "1,2";
				VALIDATE_PRODUCT = YES;
			};
			name = Release;
		};
		BB9048B81D3F8E3700733098 /* Debug */ = {
			isa = XCBuildConfiguration;
			buildSettings = {
				ASSETCATALOG_COMPILER_APPICON_NAME = AppIcon;
				INFOPLIST_FILE = VSTransform/Info.plist;
				LD_RUNPATH_SEARCH_PATHS = "$(inherited) @executable_path/Frameworks";
				PRODUCT_BUNDLE_IDENTIFIER = com.lambag.VSTransform;
				PRODUCT_NAME = "$(TARGET_NAME)";
			};
			name = Debug;
		};
		BB9048B91D3F8E3700733098 /* Release */ = {
			isa = XCBuildConfiguration;
			buildSettings = {
				ASSETCATALOG_COMPILER_APPICON_NAME = AppIcon;
				INFOPLIST_FILE = VSTransform/Info.plist;
				LD_RUNPATH_SEARCH_PATHS = "$(inherited) @executable_path/Frameworks";
				PRODUCT_BUNDLE_IDENTIFIER = com.lambag.VSTransform;
				PRODUCT_NAME = "$(TARGET_NAME)";
			};
			name = Release;
		};
/* End XCBuildConfiguration section */

/* Begin XCConfigurationList section */
		BB9048A01D3F8E3700733098 /* Build configuration list for PBXProject "VSTransform" */ = {
			isa = XCConfigurationList;
			buildConfigurations = (
				BB9048B51D3F8E3700733098 /* Debug */,
				BB9048B61D3F8E3700733098 /* Release */,
			);
			defaultConfigurationIsVisible = 0;
			defaultConfigurationName = Release;
		};
		BB9048B71D3F8E3700733098 /* Build configuration list for PBXNativeTarget "VSTransform" */ = {
			isa = XCConfigurationList;
			buildConfigurations = (
				BB9048B81D3F8E3700733098 /* Debug */,
				BB9048B91D3F8E3700733098 /* Release */,
			);
			defaultConfigurationIsVisible = 0;
		};
/* End XCConfigurationList section */
	};
	rootObject = BB90489D1D3F8E3700733098 /* Project object */;
}
